// !$*UTF8*$!
{
	archiveVersion = 1;
	classes = {
	};
	objectVersion = 56;
	objects = {

/* Begin PBXBuildFile section */
		D50391EC2A5A66200041378C /* GetPokemon.graphql in Sources */ = {isa = PBXBuildFile; fileRef = D50391EB2A5A66200041378C /* GetPokemon.graphql */; };
		D50CA7B62A5A45FC001E2B64 /* NetworkChecker.swift in Sources */ = {isa = PBXBuildFile; fileRef = D50CA7B52A5A45FC001E2B64 /* NetworkChecker.swift */; };
		D50CA7B92A5A46CE001E2B64 /* NetworkStatusView.swift in Sources */ = {isa = PBXBuildFile; fileRef = D50CA7B82A5A46CE001E2B64 /* NetworkStatusView.swift */; };
		D50CA7BD2A5A4A12001E2B64 /* Localizable.strings in Resources */ = {isa = PBXBuildFile; fileRef = D50CA7BF2A5A4A12001E2B64 /* Localizable.strings */; };
		D50CA7C22A5A4AE7001E2B64 /* LoadingView.swift in Sources */ = {isa = PBXBuildFile; fileRef = D50CA7C12A5A4AE7001E2B64 /* LoadingView.swift */; };
		D50CA7C42A5A4DA3001E2B64 /* ErrorView.swift in Sources */ = {isa = PBXBuildFile; fileRef = D50CA7C32A5A4DA3001E2B64 /* ErrorView.swift */; };
		D57333972A57A725004FB8DA /* SwiftUITestApp.swift in Sources */ = {isa = PBXBuildFile; fileRef = D57333962A57A725004FB8DA /* SwiftUITestApp.swift */; };
		D573339B2A57A728004FB8DA /* Assets.xcassets in Resources */ = {isa = PBXBuildFile; fileRef = D573339A2A57A728004FB8DA /* Assets.xcassets */; };
		D573339E2A57A728004FB8DA /* Preview Assets.xcassets in Resources */ = {isa = PBXBuildFile; fileRef = D573339D2A57A728004FB8DA /* Preview Assets.xcassets */; };
		D57333A02A57A728004FB8DA /* Persistence.swift in Sources */ = {isa = PBXBuildFile; fileRef = D573339F2A57A728004FB8DA /* Persistence.swift */; };
		D57333A32A57A728004FB8DA /* SwiftUITest.xcdatamodeld in Sources */ = {isa = PBXBuildFile; fileRef = D57333A12A57A728004FB8DA /* SwiftUITest.xcdatamodeld */; };
		D57333AD2A57A729004FB8DA /* SwiftUITestTests.swift in Sources */ = {isa = PBXBuildFile; fileRef = D57333AC2A57A729004FB8DA /* SwiftUITestTests.swift */; };
		D57333B72A57A729004FB8DA /* SwiftUITestUITests.swift in Sources */ = {isa = PBXBuildFile; fileRef = D57333B62A57A729004FB8DA /* SwiftUITestUITests.swift */; };
		D57333B92A57A729004FB8DA /* SwiftUITestUITestsLaunchTests.swift in Sources */ = {isa = PBXBuildFile; fileRef = D57333B82A57A729004FB8DA /* SwiftUITestUITestsLaunchTests.swift */; };
		D57333C72A57B8BD004FB8DA /* Apollo in Frameworks */ = {isa = PBXBuildFile; productRef = D57333C62A57B8BD004FB8DA /* Apollo */; };
		D57333CB2A57B94B004FB8DA /* ExplorerURLProvider.swift in Sources */ = {isa = PBXBuildFile; fileRef = D57333CA2A57B94B004FB8DA /* ExplorerURLProvider.swift */; };
		D57333CD2A57BA30004FB8DA /* ExplorerApolloServiceClientProvider.swift in Sources */ = {isa = PBXBuildFile; fileRef = D57333CC2A57BA30004FB8DA /* ExplorerApolloServiceClientProvider.swift */; };
		D57333CF2A57BA63004FB8DA /* ApolloServiceClientProvider.swift in Sources */ = {isa = PBXBuildFile; fileRef = D57333CE2A57BA63004FB8DA /* ApolloServiceClientProvider.swift */; };
		D57333D42A57BB69004FB8DA /* ApolloCancellable.swift in Sources */ = {isa = PBXBuildFile; fileRef = D57333D32A57BB69004FB8DA /* ApolloCancellable.swift */; };
		D57333D62A57BB9C004FB8DA /* Cancellable.swift in Sources */ = {isa = PBXBuildFile; fileRef = D57333D52A57BB9C004FB8DA /* Cancellable.swift */; };
		D57333D82A57BBC8004FB8DA /* NetworkEnvironment.swift in Sources */ = {isa = PBXBuildFile; fileRef = D57333D72A57BBC8004FB8DA /* NetworkEnvironment.swift */; };
		D57333DA2A57BBF0004FB8DA /* Dependencies.swift in Sources */ = {isa = PBXBuildFile; fileRef = D57333D92A57BBF0004FB8DA /* Dependencies.swift */; };
		D57333DC2A57BCC6004FB8DA /* ComponentNetwork.swift in Sources */ = {isa = PBXBuildFile; fileRef = D57333DB2A57BCC6004FB8DA /* ComponentNetwork.swift */; };
		D57333DE2A57BCF8004FB8DA /* Result.swift in Sources */ = {isa = PBXBuildFile; fileRef = D57333DD2A57BCF8004FB8DA /* Result.swift */; };
		D57333E02A57BD37004FB8DA /* URLBuilder.swift in Sources */ = {isa = PBXBuildFile; fileRef = D57333DF2A57BD37004FB8DA /* URLBuilder.swift */; };
		D57333E22A57BE4D004FB8DA /* InsecureApolloURLSessionClient.swift in Sources */ = {isa = PBXBuildFile; fileRef = D57333E12A57BE4D004FB8DA /* InsecureApolloURLSessionClient.swift */; };
		D57333E42A57BE79004FB8DA /* ExplorerApolloNetworkStack.swift in Sources */ = {isa = PBXBuildFile; fileRef = D57333E32A57BE79004FB8DA /* ExplorerApolloNetworkStack.swift */; };
		D57333E62A57BED3004FB8DA /* AuthenticationInterceptor.swift in Sources */ = {isa = PBXBuildFile; fileRef = D57333E52A57BED3004FB8DA /* AuthenticationInterceptor.swift */; };
		D57333E92A57BF2E004FB8DA /* ArrayExtensions.swift in Sources */ = {isa = PBXBuildFile; fileRef = D57333E82A57BF2E004FB8DA /* ArrayExtensions.swift */; };
		D57333EB2A57C04C004FB8DA /* LoadingState.swift in Sources */ = {isa = PBXBuildFile; fileRef = D57333EA2A57C04C004FB8DA /* LoadingState.swift */; };
		D57333EF2A57CBFF004FB8DA /* GetAllPokemonQuery.graphql in Sources */ = {isa = PBXBuildFile; fileRef = D57333EE2A57CBFF004FB8DA /* GetAllPokemonQuery.graphql */; };
		D57333F22A57CCD0004FB8DA /* API.swift in Sources */ = {isa = PBXBuildFile; fileRef = D57333F12A57CCD0004FB8DA /* API.swift */; };
		D57333F42A57CDA3004FB8DA /* QueryHolder.swift in Sources */ = {isa = PBXBuildFile; fileRef = D57333F32A57CDA3004FB8DA /* QueryHolder.swift */; };
		D57333FB2A57CF29004FB8DA /* PokemonItemView.swift in Sources */ = {isa = PBXBuildFile; fileRef = D57333FA2A57CF29004FB8DA /* PokemonItemView.swift */; };
		D57333FE2A57D3C7004FB8DA /* PokemonAppViewModel.swift in Sources */ = {isa = PBXBuildFile; fileRef = D57333FD2A57D3C7004FB8DA /* PokemonAppViewModel.swift */; };
		D57334002A57DA85004FB8DA /* schema.graphqls in Resources */ = {isa = PBXBuildFile; fileRef = D57333FF2A57DA85004FB8DA /* schema.graphqls */; };
		D57334022A57DA8D004FB8DA /* introspection_response.json in Resources */ = {isa = PBXBuildFile; fileRef = D57334012A57DA8D004FB8DA /* introspection_response.json */; };
		D57334052A57E6AE004FB8DA /* PokemonListViewModel.swift in Sources */ = {isa = PBXBuildFile; fileRef = D57334042A57E6AE004FB8DA /* PokemonListViewModel.swift */; };
		D59F54A52A5A7B0D0039B364 /* PokemonListView.swift in Sources */ = {isa = PBXBuildFile; fileRef = D59F54A42A5A7B0D0039B364 /* PokemonListView.swift */; };
		D59F54AA2A5A83CB0039B364 /* PokemonDataSource.swift in Sources */ = {isa = PBXBuildFile; fileRef = D59F54A92A5A83CB0039B364 /* PokemonDataSource.swift */; };
		D59F54AC2A5A842F0039B364 /* PokemonCoreDataSourceImpl.swift in Sources */ = {isa = PBXBuildFile; fileRef = D59F54AB2A5A842F0039B364 /* PokemonCoreDataSourceImpl.swift */; };
		D59F54B12A5A85320039B364 /* PokemonRepository.swift in Sources */ = {isa = PBXBuildFile; fileRef = D59F54B02A5A85320039B364 /* PokemonRepository.swift */; };
		D59F54B62A5A85C60039B364 /* PokemonRepositoryImpl.swift in Sources */ = {isa = PBXBuildFile; fileRef = D59F54B52A5A85C60039B364 /* PokemonRepositoryImpl.swift */; };
		D59F54B92A5A86110039B364 /* PokemonModel.swift in Sources */ = {isa = PBXBuildFile; fileRef = D59F54B82A5A86110039B364 /* PokemonModel.swift */; };
		D59F54BB2A5A871C0039B364 /* StatsModel.swift in Sources */ = {isa = PBXBuildFile; fileRef = D59F54BA2A5A871C0039B364 /* StatsModel.swift */; };
		D59F54BF2A5A88120039B364 /* EvYieldsModel.swift in Sources */ = {isa = PBXBuildFile; fileRef = D59F54BE2A5A88120039B364 /* EvYieldsModel.swift */; };
		D59F54C22A5A88750039B364 /* GenderModel.swift in Sources */ = {isa = PBXBuildFile; fileRef = D59F54C12A5A88750039B364 /* GenderModel.swift */; };
		D59F54C42A5A88D80039B364 /* TypeModel.swift in Sources */ = {isa = PBXBuildFile; fileRef = D59F54C32A5A88D80039B364 /* TypeModel.swift */; };
		D59F54C72A5A8A110039B364 /* DataSourceGenericError.swift in Sources */ = {isa = PBXBuildFile; fileRef = D59F54C62A5A8A110039B364 /* DataSourceGenericError.swift */; };
		D59F54C92A5A8F8F0039B364 /* TypeMatchupModel.swift in Sources */ = {isa = PBXBuildFile; fileRef = D59F54C82A5A8F8F0039B364 /* TypeMatchupModel.swift */; };
		D59F54CB2A5A900F0039B364 /* OptionalExtensions.swift in Sources */ = {isa = PBXBuildFile; fileRef = D59F54CA2A5A900F0039B364 /* OptionalExtensions.swift */; };
		D59F54CE2A5A929E0039B364 /* TypeEffectivenessModel.swift in Sources */ = {isa = PBXBuildFile; fileRef = D59F54CD2A5A929E0039B364 /* TypeEffectivenessModel.swift */; };
		D59F54D02A5A98B30039B364 /* PokemonCoreDataExtension.swift in Sources */ = {isa = PBXBuildFile; fileRef = D59F54CF2A5A98B30039B364 /* PokemonCoreDataExtension.swift */; };
		D59F54D32A5A99300039B364 /* FragmentUpdatable.swift in Sources */ = {isa = PBXBuildFile; fileRef = D59F54D22A5A99300039B364 /* FragmentUpdatable.swift */; };
		D59F54D52A5A99780039B364 /* ManagedObject.swift in Sources */ = {isa = PBXBuildFile; fileRef = D59F54D42A5A99780039B364 /* ManagedObject.swift */; };
		D59F54D72A5AA2C60039B364 /* PokemonFragmentModel.swift in Sources */ = {isa = PBXBuildFile; fileRef = D59F54D62A5AA2C60039B364 /* PokemonFragmentModel.swift */; };
		D59F54D92A5B54B20039B364 /* Pagination.swift in Sources */ = {isa = PBXBuildFile; fileRef = D59F54D82A5B54B20039B364 /* Pagination.swift */; };
		D59F54DC2A5B567B0039B364 /* PokemonGraphQLDataSourceImp.swift in Sources */ = {isa = PBXBuildFile; fileRef = D59F54DB2A5B567B0039B364 /* PokemonGraphQLDataSourceImp.swift */; };
		D59F54DE2A5B89210039B364 /* GIFImageView.swift in Sources */ = {isa = PBXBuildFile; fileRef = D59F54DD2A5B89210039B364 /* GIFImageView.swift */; };
		D59F54E12A5B911F0039B364 /* PokemonGb.ttf in Resources */ = {isa = PBXBuildFile; fileRef = D59F54E02A5B911F0039B364 /* PokemonGb.ttf */; };
		D59F54E42A5BA2240039B364 /* PokemonColors.swift in Sources */ = {isa = PBXBuildFile; fileRef = D59F54E32A5BA2240039B364 /* PokemonColors.swift */; };
		D59F54E62A5BA2D20039B364 /* ColorExtension.swift in Sources */ = {isa = PBXBuildFile; fileRef = D59F54E52A5BA2D20039B364 /* ColorExtension.swift */; };
		D59F54E92A5BA94F0039B364 /* PokemonDetailView.swift in Sources */ = {isa = PBXBuildFile; fileRef = D59F54E82A5BA94F0039B364 /* PokemonDetailView.swift */; };
		D59F54EB2A5BACAD0039B364 /* ColorConverter.swift in Sources */ = {isa = PBXBuildFile; fileRef = D59F54EA2A5BACAD0039B364 /* ColorConverter.swift */; };
		D59F54ED2A5BB8C10039B364 /* BaseStatsView.swift in Sources */ = {isa = PBXBuildFile; fileRef = D59F54EC2A5BB8C10039B364 /* BaseStatsView.swift */; };
		D59F54EF2A5BBA420039B364 /* EvolutionView.swift in Sources */ = {isa = PBXBuildFile; fileRef = D59F54EE2A5BBA420039B364 /* EvolutionView.swift */; };
		D59F54F12A5BBC460039B364 /* EVYieldRow.swift in Sources */ = {isa = PBXBuildFile; fileRef = D59F54F02A5BBC460039B364 /* EVYieldRow.swift */; };
/* End PBXBuildFile section */

/* Begin PBXContainerItemProxy section */
		D57333A92A57A729004FB8DA /* PBXContainerItemProxy */ = {
			isa = PBXContainerItemProxy;
			containerPortal = D573338B2A57A725004FB8DA /* Project object */;
			proxyType = 1;
			remoteGlobalIDString = D57333922A57A725004FB8DA;
			remoteInfo = SwiftUITest;
		};
		D57333B32A57A729004FB8DA /* PBXContainerItemProxy */ = {
			isa = PBXContainerItemProxy;
			containerPortal = D573338B2A57A725004FB8DA /* Project object */;
			proxyType = 1;
			remoteGlobalIDString = D57333922A57A725004FB8DA;
			remoteInfo = SwiftUITest;
		};
/* End PBXContainerItemProxy section */

/* Begin PBXFileReference section */
		D50391EB2A5A66200041378C /* GetPokemon.graphql */ = {isa = PBXFileReference; lastKnownFileType = text; path = GetPokemon.graphql; sourceTree = "<group>"; };
		D50CA7B52A5A45FC001E2B64 /* NetworkChecker.swift */ = {isa = PBXFileReference; lastKnownFileType = sourcecode.swift; path = NetworkChecker.swift; sourceTree = "<group>"; };
		D50CA7B82A5A46CE001E2B64 /* NetworkStatusView.swift */ = {isa = PBXFileReference; lastKnownFileType = sourcecode.swift; path = NetworkStatusView.swift; sourceTree = "<group>"; };
		D50CA7BE2A5A4A12001E2B64 /* en */ = {isa = PBXFileReference; lastKnownFileType = text.plist.strings; name = en; path = en.lproj/Localizable.strings; sourceTree = "<group>"; };
		D50CA7C02A5A4A4A001E2B64 /* es-419 */ = {isa = PBXFileReference; lastKnownFileType = text.plist.strings; name = "es-419"; path = "es-419.lproj/Localizable.strings"; sourceTree = "<group>"; };
		D50CA7C12A5A4AE7001E2B64 /* LoadingView.swift */ = {isa = PBXFileReference; lastKnownFileType = sourcecode.swift; path = LoadingView.swift; sourceTree = "<group>"; };
		D50CA7C32A5A4DA3001E2B64 /* ErrorView.swift */ = {isa = PBXFileReference; lastKnownFileType = sourcecode.swift; path = ErrorView.swift; sourceTree = "<group>"; };
		D57333932A57A725004FB8DA /* SwiftUITest.app */ = {isa = PBXFileReference; explicitFileType = wrapper.application; includeInIndex = 0; path = SwiftUITest.app; sourceTree = BUILT_PRODUCTS_DIR; };
		D57333962A57A725004FB8DA /* SwiftUITestApp.swift */ = {isa = PBXFileReference; lastKnownFileType = sourcecode.swift; path = SwiftUITestApp.swift; sourceTree = "<group>"; };
		D573339A2A57A728004FB8DA /* Assets.xcassets */ = {isa = PBXFileReference; lastKnownFileType = folder.assetcatalog; path = Assets.xcassets; sourceTree = "<group>"; };
		D573339D2A57A728004FB8DA /* Preview Assets.xcassets */ = {isa = PBXFileReference; lastKnownFileType = folder.assetcatalog; path = "Preview Assets.xcassets"; sourceTree = "<group>"; };
		D573339F2A57A728004FB8DA /* Persistence.swift */ = {isa = PBXFileReference; lastKnownFileType = sourcecode.swift; path = Persistence.swift; sourceTree = "<group>"; };
		D57333A22A57A728004FB8DA /* SwiftUITest.xcdatamodel */ = {isa = PBXFileReference; lastKnownFileType = wrapper.xcdatamodel; path = SwiftUITest.xcdatamodel; sourceTree = "<group>"; };
		D57333A82A57A729004FB8DA /* SwiftUITestTests.xctest */ = {isa = PBXFileReference; explicitFileType = wrapper.cfbundle; includeInIndex = 0; path = SwiftUITestTests.xctest; sourceTree = BUILT_PRODUCTS_DIR; };
		D57333AC2A57A729004FB8DA /* SwiftUITestTests.swift */ = {isa = PBXFileReference; lastKnownFileType = sourcecode.swift; path = SwiftUITestTests.swift; sourceTree = "<group>"; };
		D57333B22A57A729004FB8DA /* SwiftUITestUITests.xctest */ = {isa = PBXFileReference; explicitFileType = wrapper.cfbundle; includeInIndex = 0; path = SwiftUITestUITests.xctest; sourceTree = BUILT_PRODUCTS_DIR; };
		D57333B62A57A729004FB8DA /* SwiftUITestUITests.swift */ = {isa = PBXFileReference; lastKnownFileType = sourcecode.swift; path = SwiftUITestUITests.swift; sourceTree = "<group>"; };
		D57333B82A57A729004FB8DA /* SwiftUITestUITestsLaunchTests.swift */ = {isa = PBXFileReference; lastKnownFileType = sourcecode.swift; path = SwiftUITestUITestsLaunchTests.swift; sourceTree = "<group>"; };
		D57333CA2A57B94B004FB8DA /* ExplorerURLProvider.swift */ = {isa = PBXFileReference; lastKnownFileType = sourcecode.swift; path = ExplorerURLProvider.swift; sourceTree = "<group>"; };
		D57333CC2A57BA30004FB8DA /* ExplorerApolloServiceClientProvider.swift */ = {isa = PBXFileReference; lastKnownFileType = sourcecode.swift; path = ExplorerApolloServiceClientProvider.swift; sourceTree = "<group>"; };
		D57333CE2A57BA63004FB8DA /* ApolloServiceClientProvider.swift */ = {isa = PBXFileReference; lastKnownFileType = sourcecode.swift; path = ApolloServiceClientProvider.swift; sourceTree = "<group>"; };
		D57333D32A57BB69004FB8DA /* ApolloCancellable.swift */ = {isa = PBXFileReference; lastKnownFileType = sourcecode.swift; path = ApolloCancellable.swift; sourceTree = "<group>"; };
		D57333D52A57BB9C004FB8DA /* Cancellable.swift */ = {isa = PBXFileReference; lastKnownFileType = sourcecode.swift; path = Cancellable.swift; sourceTree = "<group>"; };
		D57333D72A57BBC8004FB8DA /* NetworkEnvironment.swift */ = {isa = PBXFileReference; lastKnownFileType = sourcecode.swift; path = NetworkEnvironment.swift; sourceTree = "<group>"; };
		D57333D92A57BBF0004FB8DA /* Dependencies.swift */ = {isa = PBXFileReference; lastKnownFileType = sourcecode.swift; path = Dependencies.swift; sourceTree = "<group>"; };
		D57333DB2A57BCC6004FB8DA /* ComponentNetwork.swift */ = {isa = PBXFileReference; lastKnownFileType = sourcecode.swift; path = ComponentNetwork.swift; sourceTree = "<group>"; };
		D57333DD2A57BCF8004FB8DA /* Result.swift */ = {isa = PBXFileReference; lastKnownFileType = sourcecode.swift; path = Result.swift; sourceTree = "<group>"; };
		D57333DF2A57BD37004FB8DA /* URLBuilder.swift */ = {isa = PBXFileReference; lastKnownFileType = sourcecode.swift; path = URLBuilder.swift; sourceTree = "<group>"; };
		D57333E12A57BE4D004FB8DA /* InsecureApolloURLSessionClient.swift */ = {isa = PBXFileReference; lastKnownFileType = sourcecode.swift; path = InsecureApolloURLSessionClient.swift; sourceTree = "<group>"; };
		D57333E32A57BE79004FB8DA /* ExplorerApolloNetworkStack.swift */ = {isa = PBXFileReference; lastKnownFileType = sourcecode.swift; path = ExplorerApolloNetworkStack.swift; sourceTree = "<group>"; };
		D57333E52A57BED3004FB8DA /* AuthenticationInterceptor.swift */ = {isa = PBXFileReference; lastKnownFileType = sourcecode.swift; path = AuthenticationInterceptor.swift; sourceTree = "<group>"; };
		D57333E82A57BF2E004FB8DA /* ArrayExtensions.swift */ = {isa = PBXFileReference; lastKnownFileType = sourcecode.swift; path = ArrayExtensions.swift; sourceTree = "<group>"; };
		D57333EA2A57C04C004FB8DA /* LoadingState.swift */ = {isa = PBXFileReference; lastKnownFileType = sourcecode.swift; path = LoadingState.swift; sourceTree = "<group>"; };
		D57333EE2A57CBFF004FB8DA /* GetAllPokemonQuery.graphql */ = {isa = PBXFileReference; lastKnownFileType = text; path = GetAllPokemonQuery.graphql; sourceTree = "<group>"; };
		D57333F12A57CCD0004FB8DA /* API.swift */ = {isa = PBXFileReference; fileEncoding = 4; lastKnownFileType = sourcecode.swift; name = API.swift; path = SwiftUITest/API.swift; sourceTree = SOURCE_ROOT; };
		D57333F32A57CDA3004FB8DA /* QueryHolder.swift */ = {isa = PBXFileReference; lastKnownFileType = sourcecode.swift; path = QueryHolder.swift; sourceTree = "<group>"; };
		D57333FA2A57CF29004FB8DA /* PokemonItemView.swift */ = {isa = PBXFileReference; lastKnownFileType = sourcecode.swift; path = PokemonItemView.swift; sourceTree = "<group>"; };
		D57333FD2A57D3C7004FB8DA /* PokemonAppViewModel.swift */ = {isa = PBXFileReference; lastKnownFileType = sourcecode.swift; path = PokemonAppViewModel.swift; sourceTree = "<group>"; };
		D57333FF2A57DA85004FB8DA /* schema.graphqls */ = {isa = PBXFileReference; lastKnownFileType = text; name = schema.graphqls; path = SwiftUITest/schema.graphqls; sourceTree = SOURCE_ROOT; };
		D57334012A57DA8D004FB8DA /* introspection_response.json */ = {isa = PBXFileReference; fileEncoding = 4; lastKnownFileType = text.json; name = introspection_response.json; path = SwiftUITest/introspection_response.json; sourceTree = SOURCE_ROOT; };
		D57334042A57E6AE004FB8DA /* PokemonListViewModel.swift */ = {isa = PBXFileReference; lastKnownFileType = sourcecode.swift; path = PokemonListViewModel.swift; sourceTree = "<group>"; };
		D59F54A42A5A7B0D0039B364 /* PokemonListView.swift */ = {isa = PBXFileReference; fileEncoding = 4; lastKnownFileType = sourcecode.swift; path = PokemonListView.swift; sourceTree = "<group>"; };
		D59F54A92A5A83CB0039B364 /* PokemonDataSource.swift */ = {isa = PBXFileReference; lastKnownFileType = sourcecode.swift; path = PokemonDataSource.swift; sourceTree = "<group>"; };
		D59F54AB2A5A842F0039B364 /* PokemonCoreDataSourceImpl.swift */ = {isa = PBXFileReference; lastKnownFileType = sourcecode.swift; path = PokemonCoreDataSourceImpl.swift; sourceTree = "<group>"; };
		D59F54B02A5A85320039B364 /* PokemonRepository.swift */ = {isa = PBXFileReference; lastKnownFileType = sourcecode.swift; path = PokemonRepository.swift; sourceTree = "<group>"; };
		D59F54B52A5A85C60039B364 /* PokemonRepositoryImpl.swift */ = {isa = PBXFileReference; lastKnownFileType = sourcecode.swift; path = PokemonRepositoryImpl.swift; sourceTree = "<group>"; };
		D59F54B82A5A86110039B364 /* PokemonModel.swift */ = {isa = PBXFileReference; lastKnownFileType = sourcecode.swift; path = PokemonModel.swift; sourceTree = "<group>"; };
		D59F54BA2A5A871C0039B364 /* StatsModel.swift */ = {isa = PBXFileReference; lastKnownFileType = sourcecode.swift; path = StatsModel.swift; sourceTree = "<group>"; };
		D59F54BE2A5A88120039B364 /* EvYieldsModel.swift */ = {isa = PBXFileReference; lastKnownFileType = sourcecode.swift; path = EvYieldsModel.swift; sourceTree = "<group>"; };
		D59F54C12A5A88750039B364 /* GenderModel.swift */ = {isa = PBXFileReference; lastKnownFileType = sourcecode.swift; path = GenderModel.swift; sourceTree = "<group>"; };
		D59F54C32A5A88D80039B364 /* TypeModel.swift */ = {isa = PBXFileReference; lastKnownFileType = sourcecode.swift; path = TypeModel.swift; sourceTree = "<group>"; };
		D59F54C62A5A8A110039B364 /* DataSourceGenericError.swift */ = {isa = PBXFileReference; lastKnownFileType = sourcecode.swift; path = DataSourceGenericError.swift; sourceTree = "<group>"; };
		D59F54C82A5A8F8F0039B364 /* TypeMatchupModel.swift */ = {isa = PBXFileReference; lastKnownFileType = sourcecode.swift; path = TypeMatchupModel.swift; sourceTree = "<group>"; };
		D59F54CA2A5A900F0039B364 /* OptionalExtensions.swift */ = {isa = PBXFileReference; lastKnownFileType = sourcecode.swift; path = OptionalExtensions.swift; sourceTree = "<group>"; };
		D59F54CD2A5A929E0039B364 /* TypeEffectivenessModel.swift */ = {isa = PBXFileReference; lastKnownFileType = sourcecode.swift; path = TypeEffectivenessModel.swift; sourceTree = "<group>"; };
		D59F54CF2A5A98B30039B364 /* PokemonCoreDataExtension.swift */ = {isa = PBXFileReference; lastKnownFileType = sourcecode.swift; path = PokemonCoreDataExtension.swift; sourceTree = "<group>"; };
		D59F54D22A5A99300039B364 /* FragmentUpdatable.swift */ = {isa = PBXFileReference; lastKnownFileType = sourcecode.swift; path = FragmentUpdatable.swift; sourceTree = "<group>"; };
		D59F54D42A5A99780039B364 /* ManagedObject.swift */ = {isa = PBXFileReference; lastKnownFileType = sourcecode.swift; path = ManagedObject.swift; sourceTree = "<group>"; };
		D59F54D62A5AA2C60039B364 /* PokemonFragmentModel.swift */ = {isa = PBXFileReference; lastKnownFileType = sourcecode.swift; path = PokemonFragmentModel.swift; sourceTree = "<group>"; };
		D59F54D82A5B54B20039B364 /* Pagination.swift */ = {isa = PBXFileReference; lastKnownFileType = sourcecode.swift; path = Pagination.swift; sourceTree = "<group>"; };
		D59F54DB2A5B567B0039B364 /* PokemonGraphQLDataSourceImp.swift */ = {isa = PBXFileReference; lastKnownFileType = sourcecode.swift; path = PokemonGraphQLDataSourceImp.swift; sourceTree = "<group>"; };
		D59F54DD2A5B89210039B364 /* GIFImageView.swift */ = {isa = PBXFileReference; lastKnownFileType = sourcecode.swift; path = GIFImageView.swift; sourceTree = "<group>"; };
		D59F54E02A5B911F0039B364 /* PokemonGb.ttf */ = {isa = PBXFileReference; lastKnownFileType = file; path = PokemonGb.ttf; sourceTree = "<group>"; };
		D59F54E22A5B919A0039B364 /* Info.plist */ = {isa = PBXFileReference; lastKnownFileType = text.plist; path = Info.plist; sourceTree = "<group>"; };
		D59F54E32A5BA2240039B364 /* PokemonColors.swift */ = {isa = PBXFileReference; lastKnownFileType = sourcecode.swift; path = PokemonColors.swift; sourceTree = "<group>"; };
		D59F54E52A5BA2D20039B364 /* ColorExtension.swift */ = {isa = PBXFileReference; lastKnownFileType = sourcecode.swift; path = ColorExtension.swift; sourceTree = "<group>"; };
		D59F54E82A5BA94F0039B364 /* PokemonDetailView.swift */ = {isa = PBXFileReference; lastKnownFileType = sourcecode.swift; path = PokemonDetailView.swift; sourceTree = "<group>"; };
		D59F54EA2A5BACAD0039B364 /* ColorConverter.swift */ = {isa = PBXFileReference; lastKnownFileType = sourcecode.swift; path = ColorConverter.swift; sourceTree = "<group>"; };
		D59F54EC2A5BB8C10039B364 /* BaseStatsView.swift */ = {isa = PBXFileReference; lastKnownFileType = sourcecode.swift; path = BaseStatsView.swift; sourceTree = "<group>"; };
		D59F54EE2A5BBA420039B364 /* EvolutionView.swift */ = {isa = PBXFileReference; lastKnownFileType = sourcecode.swift; path = EvolutionView.swift; sourceTree = "<group>"; };
		D59F54F02A5BBC460039B364 /* EVYieldRow.swift */ = {isa = PBXFileReference; lastKnownFileType = sourcecode.swift; path = EVYieldRow.swift; sourceTree = "<group>"; };
/* End PBXFileReference section */

/* Begin PBXFrameworksBuildPhase section */
		D57333902A57A725004FB8DA /* Frameworks */ = {
			isa = PBXFrameworksBuildPhase;
			buildActionMask = 2147483647;
			files = (
				D57333C72A57B8BD004FB8DA /* Apollo in Frameworks */,
			);
			runOnlyForDeploymentPostprocessing = 0;
		};
		D57333A52A57A729004FB8DA /* Frameworks */ = {
			isa = PBXFrameworksBuildPhase;
			buildActionMask = 2147483647;
			files = (
			);
			runOnlyForDeploymentPostprocessing = 0;
		};
		D57333AF2A57A729004FB8DA /* Frameworks */ = {
			isa = PBXFrameworksBuildPhase;
			buildActionMask = 2147483647;
			files = (
			);
			runOnlyForDeploymentPostprocessing = 0;
		};
/* End PBXFrameworksBuildPhase section */

/* Begin PBXGroup section */
		D50391EA2A5A66140041378C /* Queries */ = {
			isa = PBXGroup;
			children = (
				D57333EE2A57CBFF004FB8DA /* GetAllPokemonQuery.graphql */,
				D50391EB2A5A66200041378C /* GetPokemon.graphql */,
			);
			path = Queries;
			sourceTree = "<group>";
		};
		D50CA7B72A5A46B8001E2B64 /* Network */ = {
			isa = PBXGroup;
			children = (
				D50CA7B82A5A46CE001E2B64 /* NetworkStatusView.swift */,
				D50CA7C12A5A4AE7001E2B64 /* LoadingView.swift */,
				D50CA7C32A5A4DA3001E2B64 /* ErrorView.swift */,
			);
			path = Network;
			sourceTree = "<group>";
		};
		D50CA7BA2A5A49E9001E2B64 /* Localizable */ = {
			isa = PBXGroup;
			children = (
				D50CA7BF2A5A4A12001E2B64 /* Localizable.strings */,
			);
			path = Localizable;
			sourceTree = "<group>";
		};
		D573338A2A57A725004FB8DA = {
			isa = PBXGroup;
			children = (
				D57333952A57A725004FB8DA /* SwiftUITest */,
				D57333AB2A57A729004FB8DA /* SwiftUITestTests */,
				D57333B52A57A729004FB8DA /* SwiftUITestUITests */,
				D57333942A57A725004FB8DA /* Products */,
			);
			sourceTree = "<group>";
		};
		D57333942A57A725004FB8DA /* Products */ = {
			isa = PBXGroup;
			children = (
				D57333932A57A725004FB8DA /* SwiftUITest.app */,
				D57333A82A57A729004FB8DA /* SwiftUITestTests.xctest */,
				D57333B22A57A729004FB8DA /* SwiftUITestUITests.xctest */,
			);
			name = Products;
			sourceTree = "<group>";
		};
		D57333952A57A725004FB8DA /* SwiftUITest */ = {
			isa = PBXGroup;
			children = (
				D59F54E22A5B919A0039B364 /* Info.plist */,
				D57333FF2A57DA85004FB8DA /* schema.graphqls */,
				D57334012A57DA8D004FB8DA /* introspection_response.json */,
				D573339F2A57A728004FB8DA /* Persistence.swift */,
				D573339A2A57A728004FB8DA /* Assets.xcassets */,
				D57333C82A57B90E004FB8DA /* ClientSetup */,
				D59F54B22A5A85650039B364 /* Data */,
				D59F54AD2A5A85010039B364 /* Domain */,
				D57333FC2A57D3AA004FB8DA /* PokemonApp */,
				D573339C2A57A728004FB8DA /* Preview Content */,
				D57333D02A57BB35004FB8DA /* Sources */,
				D57333A12A57A728004FB8DA /* SwiftUITest.xcdatamodeld */,
			);
			path = SwiftUITest;
			sourceTree = "<group>";
		};
		D573339C2A57A728004FB8DA /* Preview Content */ = {
			isa = PBXGroup;
			children = (
				D573339D2A57A728004FB8DA /* Preview Assets.xcassets */,
			);
			path = "Preview Content";
			sourceTree = "<group>";
		};
		D57333AB2A57A729004FB8DA /* SwiftUITestTests */ = {
			isa = PBXGroup;
			children = (
				D57333AC2A57A729004FB8DA /* SwiftUITestTests.swift */,
			);
			path = SwiftUITestTests;
			sourceTree = "<group>";
		};
		D57333B52A57A729004FB8DA /* SwiftUITestUITests */ = {
			isa = PBXGroup;
			children = (
				D57333B62A57A729004FB8DA /* SwiftUITestUITests.swift */,
				D57333B82A57A729004FB8DA /* SwiftUITestUITestsLaunchTests.swift */,
			);
			path = SwiftUITestUITests;
			sourceTree = "<group>";
		};
		D57333C82A57B90E004FB8DA /* ClientSetup */ = {
			isa = PBXGroup;
			children = (
				D57333C92A57B91F004FB8DA /* ApolloNetwork */,
				D57333CA2A57B94B004FB8DA /* ExplorerURLProvider.swift */,
				D57333CC2A57BA30004FB8DA /* ExplorerApolloServiceClientProvider.swift */,
			);
			path = ClientSetup;
			sourceTree = "<group>";
		};
		D57333C92A57B91F004FB8DA /* ApolloNetwork */ = {
			isa = PBXGroup;
			children = (
				D57333E12A57BE4D004FB8DA /* InsecureApolloURLSessionClient.swift */,
				D57333E32A57BE79004FB8DA /* ExplorerApolloNetworkStack.swift */,
				D57333E52A57BED3004FB8DA /* AuthenticationInterceptor.swift */,
			);
			path = ApolloNetwork;
			sourceTree = "<group>";
		};
		D57333D02A57BB35004FB8DA /* Sources */ = {
			isa = PBXGroup;
			children = (
				D57333F82A57CEF9004FB8DA /* Production */,
				D57333ED2A57CBE3004FB8DA /* GraphQL */,
				D57333D12A57BB49004FB8DA /* Platform */,
			);
			path = Sources;
			sourceTree = "<group>";
		};
		D57333D12A57BB49004FB8DA /* Platform */ = {
			isa = PBXGroup;
			children = (
				D59F54DF2A5B91110039B364 /* Fonts */,
				D59F54D12A5A99210039B364 /* Providers */,
				D50CA7BA2A5A49E9001E2B64 /* Localizable */,
				D57333D92A57BBF0004FB8DA /* Dependencies.swift */,
				D57333E72A57BF18004FB8DA /* Extensions */,
				D57333EA2A57C04C004FB8DA /* LoadingState.swift */,
				D57333D22A57BB54004FB8DA /* Network */,
				D57333F32A57CDA3004FB8DA /* QueryHolder.swift */,
				D50CA7B52A5A45FC001E2B64 /* NetworkChecker.swift */,
			);
			path = Platform;
			sourceTree = "<group>";
		};
		D57333D22A57BB54004FB8DA /* Network */ = {
			isa = PBXGroup;
			children = (
				D57333D32A57BB69004FB8DA /* ApolloCancellable.swift */,
				D57333CE2A57BA63004FB8DA /* ApolloServiceClientProvider.swift */,
				D57333D52A57BB9C004FB8DA /* Cancellable.swift */,
				D57333D72A57BBC8004FB8DA /* NetworkEnvironment.swift */,
				D57333DB2A57BCC6004FB8DA /* ComponentNetwork.swift */,
				D57333DD2A57BCF8004FB8DA /* Result.swift */,
				D57333DF2A57BD37004FB8DA /* URLBuilder.swift */,
			);
			path = Network;
			sourceTree = "<group>";
		};
		D57333E72A57BF18004FB8DA /* Extensions */ = {
			isa = PBXGroup;
			children = (
				D57333E82A57BF2E004FB8DA /* ArrayExtensions.swift */,
				D59F54CA2A5A900F0039B364 /* OptionalExtensions.swift */,
				D59F54E52A5BA2D20039B364 /* ColorExtension.swift */,
			);
			path = Extensions;
			sourceTree = "<group>";
		};
		D57333ED2A57CBE3004FB8DA /* GraphQL */ = {
			isa = PBXGroup;
			children = (
				D50391EA2A5A66140041378C /* Queries */,
				D57333F12A57CCD0004FB8DA /* API.swift */,
			);
			path = GraphQL;
			sourceTree = "<group>";
		};
		D57333F82A57CEF9004FB8DA /* Production */ = {
			isa = PBXGroup;
			children = (
				D57333F92A57CF0A004FB8DA /* Components */,
			);
			path = Production;
			sourceTree = "<group>";
		};
		D57333F92A57CF0A004FB8DA /* Components */ = {
			isa = PBXGroup;
			children = (
				D59F54E72A5BA93F0039B364 /* PokemonDetail */,
				D50CA7B72A5A46B8001E2B64 /* Network */,
				D57334032A57E682004FB8DA /* PokemonList */,
				D59F54DD2A5B89210039B364 /* GIFImageView.swift */,
			);
			path = Components;
			sourceTree = "<group>";
		};
		D57333FC2A57D3AA004FB8DA /* PokemonApp */ = {
			isa = PBXGroup;
			children = (
				D57333962A57A725004FB8DA /* SwiftUITestApp.swift */,
				D57333FD2A57D3C7004FB8DA /* PokemonAppViewModel.swift */,
			);
			path = PokemonApp;
			sourceTree = "<group>";
		};
		D57334032A57E682004FB8DA /* PokemonList */ = {
			isa = PBXGroup;
			children = (
				D57333FA2A57CF29004FB8DA /* PokemonItemView.swift */,
				D57334042A57E6AE004FB8DA /* PokemonListViewModel.swift */,
				D59F54A42A5A7B0D0039B364 /* PokemonListView.swift */,
			);
			path = PokemonList;
			sourceTree = "<group>";
		};
		D59F54A82A5A83B40039B364 /* DataSource */ = {
			isa = PBXGroup;
			children = (
				D59F54DA2A5B56440039B364 /* GraphQL */,
				D59F54B32A5A85990039B364 /* CoreData */,
				D59F54A92A5A83CB0039B364 /* PokemonDataSource.swift */,
			);
			path = DataSource;
			sourceTree = "<group>";
		};
		D59F54AD2A5A85010039B364 /* Domain */ = {
			isa = PBXGroup;
			children = (
				D59F54C52A5A89FE0039B364 /* Error */,
				D59F54B72A5A86020039B364 /* Model */,
				D59F54AE2A5A85180039B364 /* Repository */,
			);
			path = Domain;
			sourceTree = "<group>";
		};
		D59F54AE2A5A85180039B364 /* Repository */ = {
			isa = PBXGroup;
			children = (
				D59F54B02A5A85320039B364 /* PokemonRepository.swift */,
			);
			path = Repository;
			sourceTree = "<group>";
		};
		D59F54B22A5A85650039B364 /* Data */ = {
			isa = PBXGroup;
			children = (
				D59F54B42A5A85AB0039B364 /* Repository */,
				D59F54A82A5A83B40039B364 /* DataSource */,
				D59F54D62A5AA2C60039B364 /* PokemonFragmentModel.swift */,
			);
			path = Data;
			sourceTree = "<group>";
		};
		D59F54B32A5A85990039B364 /* CoreData */ = {
			isa = PBXGroup;
			children = (
				D59F54AB2A5A842F0039B364 /* PokemonCoreDataSourceImpl.swift */,
				D59F54CF2A5A98B30039B364 /* PokemonCoreDataExtension.swift */,
			);
			path = CoreData;
			sourceTree = "<group>";
		};
		D59F54B42A5A85AB0039B364 /* Repository */ = {
			isa = PBXGroup;
			children = (
				D59F54B52A5A85C60039B364 /* PokemonRepositoryImpl.swift */,
			);
			path = Repository;
			sourceTree = "<group>";
		};
		D59F54B72A5A86020039B364 /* Model */ = {
			isa = PBXGroup;
			children = (
				D59F54BE2A5A88120039B364 /* EvYieldsModel.swift */,
				D59F54C12A5A88750039B364 /* GenderModel.swift */,
				D59F54B82A5A86110039B364 /* PokemonModel.swift */,
				D59F54BA2A5A871C0039B364 /* StatsModel.swift */,
				D59F54CD2A5A929E0039B364 /* TypeEffectivenessModel.swift */,
				D59F54C82A5A8F8F0039B364 /* TypeMatchupModel.swift */,
				D59F54C32A5A88D80039B364 /* TypeModel.swift */,
			);
			path = Model;
			sourceTree = "<group>";
		};
		D59F54C52A5A89FE0039B364 /* Error */ = {
			isa = PBXGroup;
			children = (
				D59F54C62A5A8A110039B364 /* DataSourceGenericError.swift */,
			);
			path = Error;
			sourceTree = "<group>";
		};
		D59F54D12A5A99210039B364 /* Providers */ = {
			isa = PBXGroup;
			children = (
				D59F54D22A5A99300039B364 /* FragmentUpdatable.swift */,
				D59F54D42A5A99780039B364 /* ManagedObject.swift */,
				D59F54D82A5B54B20039B364 /* Pagination.swift */,
				D59F54E32A5BA2240039B364 /* PokemonColors.swift */,
				D59F54EA2A5BACAD0039B364 /* ColorConverter.swift */,
			);
			path = Providers;
			sourceTree = "<group>";
		};
		D59F54DA2A5B56440039B364 /* GraphQL */ = {
			isa = PBXGroup;
			children = (
				D59F54DB2A5B567B0039B364 /* PokemonGraphQLDataSourceImp.swift */,
			);
			path = GraphQL;
			sourceTree = "<group>";
		};
		D59F54DF2A5B91110039B364 /* Fonts */ = {
			isa = PBXGroup;
			children = (
				D59F54E02A5B911F0039B364 /* PokemonGb.ttf */,
			);
			path = Fonts;
			sourceTree = "<group>";
		};
		D59F54E72A5BA93F0039B364 /* PokemonDetail */ = {
			isa = PBXGroup;
			children = (
				D59F54E82A5BA94F0039B364 /* PokemonDetailView.swift */,
				D59F54EC2A5BB8C10039B364 /* BaseStatsView.swift */,
				D59F54EE2A5BBA420039B364 /* EvolutionView.swift */,
				D59F54F02A5BBC460039B364 /* EVYieldRow.swift */,
			);
			path = PokemonDetail;
			sourceTree = "<group>";
		};
/* End PBXGroup section */

/* Begin PBXNativeTarget section */
		D57333922A57A725004FB8DA /* SwiftUITest */ = {
			isa = PBXNativeTarget;
			buildConfigurationList = D57333BC2A57A729004FB8DA /* Build configuration list for PBXNativeTarget "SwiftUITest" */;
			buildPhases = (
				D573338F2A57A725004FB8DA /* Sources */,
				D57333902A57A725004FB8DA /* Frameworks */,
				D57333912A57A725004FB8DA /* Resources */,
				D57333F02A57CC3A004FB8DA /* CodeGenerate */,
			);
			buildRules = (
			);
			dependencies = (
			);
			name = SwiftUITest;
			packageProductDependencies = (
				D57333C62A57B8BD004FB8DA /* Apollo */,
			);
			productName = SwiftUITest;
			productReference = D57333932A57A725004FB8DA /* SwiftUITest.app */;
			productType = "com.apple.product-type.application";
		};
		D57333A72A57A729004FB8DA /* SwiftUITestTests */ = {
			isa = PBXNativeTarget;
			buildConfigurationList = D57333BF2A57A729004FB8DA /* Build configuration list for PBXNativeTarget "SwiftUITestTests" */;
			buildPhases = (
				D57333A42A57A729004FB8DA /* Sources */,
				D57333A52A57A729004FB8DA /* Frameworks */,
				D57333A62A57A729004FB8DA /* Resources */,
			);
			buildRules = (
			);
			dependencies = (
				D57333AA2A57A729004FB8DA /* PBXTargetDependency */,
			);
			name = SwiftUITestTests;
			productName = SwiftUITestTests;
			productReference = D57333A82A57A729004FB8DA /* SwiftUITestTests.xctest */;
			productType = "com.apple.product-type.bundle.unit-test";
		};
		D57333B12A57A729004FB8DA /* SwiftUITestUITests */ = {
			isa = PBXNativeTarget;
			buildConfigurationList = D57333C22A57A729004FB8DA /* Build configuration list for PBXNativeTarget "SwiftUITestUITests" */;
			buildPhases = (
				D57333AE2A57A729004FB8DA /* Sources */,
				D57333AF2A57A729004FB8DA /* Frameworks */,
				D57333B02A57A729004FB8DA /* Resources */,
			);
			buildRules = (
			);
			dependencies = (
				D57333B42A57A729004FB8DA /* PBXTargetDependency */,
			);
			name = SwiftUITestUITests;
			productName = SwiftUITestUITests;
			productReference = D57333B22A57A729004FB8DA /* SwiftUITestUITests.xctest */;
			productType = "com.apple.product-type.bundle.ui-testing";
		};
/* End PBXNativeTarget section */

/* Begin PBXProject section */
		D573338B2A57A725004FB8DA /* Project object */ = {
			isa = PBXProject;
			attributes = {
				BuildIndependentTargetsInParallel = 1;
				LastSwiftUpdateCheck = 1420;
				LastUpgradeCheck = 1420;
				TargetAttributes = {
					D57333922A57A725004FB8DA = {
						CreatedOnToolsVersion = 14.2;
					};
					D57333A72A57A729004FB8DA = {
						CreatedOnToolsVersion = 14.2;
						TestTargetID = D57333922A57A725004FB8DA;
					};
					D57333B12A57A729004FB8DA = {
						CreatedOnToolsVersion = 14.2;
						TestTargetID = D57333922A57A725004FB8DA;
					};
				};
			};
			buildConfigurationList = D573338E2A57A725004FB8DA /* Build configuration list for PBXProject "SwiftUITest" */;
			compatibilityVersion = "Xcode 14.0";
			developmentRegion = en;
			hasScannedForEncodings = 0;
			knownRegions = (
				en,
				Base,
				"es-419",
			);
			mainGroup = D573338A2A57A725004FB8DA;
			packageReferences = (
				D57333C52A57B8BD004FB8DA /* XCRemoteSwiftPackageReference "apollo-ios" */,
			);
			productRefGroup = D57333942A57A725004FB8DA /* Products */;
			projectDirPath = "";
			projectRoot = "";
			targets = (
				D57333922A57A725004FB8DA /* SwiftUITest */,
				D57333A72A57A729004FB8DA /* SwiftUITestTests */,
				D57333B12A57A729004FB8DA /* SwiftUITestUITests */,
			);
		};
/* End PBXProject section */

/* Begin PBXResourcesBuildPhase section */
		D57333912A57A725004FB8DA /* Resources */ = {
			isa = PBXResourcesBuildPhase;
			buildActionMask = 2147483647;
			files = (
				D59F54E12A5B911F0039B364 /* PokemonGb.ttf in Resources */,
				D50CA7BD2A5A4A12001E2B64 /* Localizable.strings in Resources */,
				D573339E2A57A728004FB8DA /* Preview Assets.xcassets in Resources */,
				D57334002A57DA85004FB8DA /* schema.graphqls in Resources */,
				D57334022A57DA8D004FB8DA /* introspection_response.json in Resources */,
				D573339B2A57A728004FB8DA /* Assets.xcassets in Resources */,
			);
			runOnlyForDeploymentPostprocessing = 0;
		};
		D57333A62A57A729004FB8DA /* Resources */ = {
			isa = PBXResourcesBuildPhase;
			buildActionMask = 2147483647;
			files = (
			);
			runOnlyForDeploymentPostprocessing = 0;
		};
		D57333B02A57A729004FB8DA /* Resources */ = {
			isa = PBXResourcesBuildPhase;
			buildActionMask = 2147483647;
			files = (
			);
			runOnlyForDeploymentPostprocessing = 0;
		};
/* End PBXResourcesBuildPhase section */

/* Begin PBXShellScriptBuildPhase section */
		D57333F02A57CC3A004FB8DA /* CodeGenerate */ = {
			isa = PBXShellScriptBuildPhase;
			buildActionMask = 2147483647;
			files = (
			);
			inputFileListPaths = (
			);
			inputPaths = (
			);
			name = CodeGenerate;
			outputFileListPaths = (
			);
			outputPaths = (
			);
			runOnlyForDeploymentPostprocessing = 0;
			shellPath = /bin/sh;
			shellScript = "# Type a script or drag a script file from your workspace to insert its path.\n# Don't run this during index builds\nif [ $ACTION = \"indexbuild\" ]; then exit 0; fi\n\ncd \"${SRCROOT}\"/ApolloCodegen\nxcrun -sdk macosx swift run ApolloCodegen generate\n\n# propagate the xcrun call's return code to Xcode\nexit $?\n";
		};
/* End PBXShellScriptBuildPhase section */

/* Begin PBXSourcesBuildPhase section */
		D573338F2A57A725004FB8DA /* Sources */ = {
			isa = PBXSourcesBuildPhase;
			buildActionMask = 2147483647;
			files = (
				D57333D62A57BB9C004FB8DA /* Cancellable.swift in Sources */,
				D57333E02A57BD37004FB8DA /* URLBuilder.swift in Sources */,
				D57333FE2A57D3C7004FB8DA /* PokemonAppViewModel.swift in Sources */,
				D59F54D72A5AA2C60039B364 /* PokemonFragmentModel.swift in Sources */,
				D57333DE2A57BCF8004FB8DA /* Result.swift in Sources */,
				D57333A02A57A728004FB8DA /* Persistence.swift in Sources */,
				D50CA7C42A5A4DA3001E2B64 /* ErrorView.swift in Sources */,
				D59F54C22A5A88750039B364 /* GenderModel.swift in Sources */,
				D50CA7C22A5A4AE7001E2B64 /* LoadingView.swift in Sources */,
				D57333CF2A57BA63004FB8DA /* ApolloServiceClientProvider.swift in Sources */,
				D59F54D02A5A98B30039B364 /* PokemonCoreDataExtension.swift in Sources */,
				D59F54CE2A5A929E0039B364 /* TypeEffectivenessModel.swift in Sources */,
				D57333CD2A57BA30004FB8DA /* ExplorerApolloServiceClientProvider.swift in Sources */,
				D57333E42A57BE79004FB8DA /* ExplorerApolloNetworkStack.swift in Sources */,
				D59F54EF2A5BBA420039B364 /* EvolutionView.swift in Sources */,
				D59F54C42A5A88D80039B364 /* TypeModel.swift in Sources */,
				D50391EC2A5A66200041378C /* GetPokemon.graphql in Sources */,
				D59F54CB2A5A900F0039B364 /* OptionalExtensions.swift in Sources */,
				D59F54D92A5B54B20039B364 /* Pagination.swift in Sources */,
				D59F54D52A5A99780039B364 /* ManagedObject.swift in Sources */,
				D59F54AA2A5A83CB0039B364 /* PokemonDataSource.swift in Sources */,
				D57333E92A57BF2E004FB8DA /* ArrayExtensions.swift in Sources */,
				D59F54D32A5A99300039B364 /* FragmentUpdatable.swift in Sources */,
				D50CA7B92A5A46CE001E2B64 /* NetworkStatusView.swift in Sources */,
				D57334052A57E6AE004FB8DA /* PokemonListViewModel.swift in Sources */,
				D57333EF2A57CBFF004FB8DA /* GetAllPokemonQuery.graphql in Sources */,
				D57333972A57A725004FB8DA /* SwiftUITestApp.swift in Sources */,
				D57333E62A57BED3004FB8DA /* AuthenticationInterceptor.swift in Sources */,
				D59F54C72A5A8A110039B364 /* DataSourceGenericError.swift in Sources */,
				D59F54DC2A5B567B0039B364 /* PokemonGraphQLDataSourceImp.swift in Sources */,
				D57333DA2A57BBF0004FB8DA /* Dependencies.swift in Sources */,
				D59F54BB2A5A871C0039B364 /* StatsModel.swift in Sources */,
				D57333F22A57CCD0004FB8DA /* API.swift in Sources */,
				D50CA7B62A5A45FC001E2B64 /* NetworkChecker.swift in Sources */,
				D59F54B62A5A85C60039B364 /* PokemonRepositoryImpl.swift in Sources */,
				D59F54E92A5BA94F0039B364 /* PokemonDetailView.swift in Sources */,
				D57333EB2A57C04C004FB8DA /* LoadingState.swift in Sources */,
				D59F54C92A5A8F8F0039B364 /* TypeMatchupModel.swift in Sources */,
				D59F54ED2A5BB8C10039B364 /* BaseStatsView.swift in Sources */,
				D59F54A52A5A7B0D0039B364 /* PokemonListView.swift in Sources */,
				D59F54E42A5BA2240039B364 /* PokemonColors.swift in Sources */,
				D59F54DE2A5B89210039B364 /* GIFImageView.swift in Sources */,
				D57333CB2A57B94B004FB8DA /* ExplorerURLProvider.swift in Sources */,
				D57333A32A57A728004FB8DA /* SwiftUITest.xcdatamodeld in Sources */,
				D57333E22A57BE4D004FB8DA /* InsecureApolloURLSessionClient.swift in Sources */,
				D59F54AC2A5A842F0039B364 /* PokemonCoreDataSourceImpl.swift in Sources */,
				D57333F42A57CDA3004FB8DA /* QueryHolder.swift in Sources */,
				D57333D82A57BBC8004FB8DA /* NetworkEnvironment.swift in Sources */,
				D59F54F12A5BBC460039B364 /* EVYieldRow.swift in Sources */,
				D59F54EB2A5BACAD0039B364 /* ColorConverter.swift in Sources */,
				D57333FB2A57CF29004FB8DA /* PokemonItemView.swift in Sources */,
				D57333DC2A57BCC6004FB8DA /* ComponentNetwork.swift in Sources */,
				D59F54B12A5A85320039B364 /* PokemonRepository.swift in Sources */,
				D59F54BF2A5A88120039B364 /* EvYieldsModel.swift in Sources */,
				D59F54B92A5A86110039B364 /* PokemonModel.swift in Sources */,
				D59F54E62A5BA2D20039B364 /* ColorExtension.swift in Sources */,
				D57333D42A57BB69004FB8DA /* ApolloCancellable.swift in Sources */,
			);
			runOnlyForDeploymentPostprocessing = 0;
		};
		D57333A42A57A729004FB8DA /* Sources */ = {
			isa = PBXSourcesBuildPhase;
			buildActionMask = 2147483647;
			files = (
				D57333AD2A57A729004FB8DA /* SwiftUITestTests.swift in Sources */,
			);
			runOnlyForDeploymentPostprocessing = 0;
		};
		D57333AE2A57A729004FB8DA /* Sources */ = {
			isa = PBXSourcesBuildPhase;
			buildActionMask = 2147483647;
			files = (
				D57333B92A57A729004FB8DA /* SwiftUITestUITestsLaunchTests.swift in Sources */,
				D57333B72A57A729004FB8DA /* SwiftUITestUITests.swift in Sources */,
			);
			runOnlyForDeploymentPostprocessing = 0;
		};
/* End PBXSourcesBuildPhase section */

/* Begin PBXTargetDependency section */
		D57333AA2A57A729004FB8DA /* PBXTargetDependency */ = {
			isa = PBXTargetDependency;
			target = D57333922A57A725004FB8DA /* SwiftUITest */;
			targetProxy = D57333A92A57A729004FB8DA /* PBXContainerItemProxy */;
		};
		D57333B42A57A729004FB8DA /* PBXTargetDependency */ = {
			isa = PBXTargetDependency;
			target = D57333922A57A725004FB8DA /* SwiftUITest */;
			targetProxy = D57333B32A57A729004FB8DA /* PBXContainerItemProxy */;
		};
/* End PBXTargetDependency section */

/* Begin PBXVariantGroup section */
		D50CA7BF2A5A4A12001E2B64 /* Localizable.strings */ = {
			isa = PBXVariantGroup;
			children = (
				D50CA7BE2A5A4A12001E2B64 /* en */,
				D50CA7C02A5A4A4A001E2B64 /* es-419 */,
			);
			name = Localizable.strings;
			sourceTree = "<group>";
		};
/* End PBXVariantGroup section */

/* Begin XCBuildConfiguration section */
		D57333BA2A57A729004FB8DA /* Debug */ = {
			isa = XCBuildConfiguration;
			buildSettings = {
				ALWAYS_SEARCH_USER_PATHS = NO;
				CLANG_ANALYZER_LOCALIZABILITY_NONLOCALIZED = YES;
				CLANG_ANALYZER_NONNULL = YES;
				CLANG_ANALYZER_NUMBER_OBJECT_CONVERSION = YES_AGGRESSIVE;
				CLANG_CXX_LANGUAGE_STANDARD = "gnu++20";
				CLANG_ENABLE_MODULES = YES;
				CLANG_ENABLE_OBJC_ARC = YES;
				CLANG_ENABLE_OBJC_WEAK = YES;
				CLANG_WARN_BLOCK_CAPTURE_AUTORELEASING = YES;
				CLANG_WARN_BOOL_CONVERSION = YES;
				CLANG_WARN_COMMA = YES;
				CLANG_WARN_CONSTANT_CONVERSION = YES;
				CLANG_WARN_DEPRECATED_OBJC_IMPLEMENTATIONS = YES;
				CLANG_WARN_DIRECT_OBJC_ISA_USAGE = YES_ERROR;
				CLANG_WARN_DOCUMENTATION_COMMENTS = YES;
				CLANG_WARN_EMPTY_BODY = YES;
				CLANG_WARN_ENUM_CONVERSION = YES;
				CLANG_WARN_INFINITE_RECURSION = YES;
				CLANG_WARN_INT_CONVERSION = YES;
				CLANG_WARN_NON_LITERAL_NULL_CONVERSION = YES;
				CLANG_WARN_OBJC_IMPLICIT_RETAIN_SELF = YES;
				CLANG_WARN_OBJC_LITERAL_CONVERSION = YES;
				CLANG_WARN_OBJC_ROOT_CLASS = YES_ERROR;
				CLANG_WARN_QUOTED_INCLUDE_IN_FRAMEWORK_HEADER = YES;
				CLANG_WARN_RANGE_LOOP_ANALYSIS = YES;
				CLANG_WARN_STRICT_PROTOTYPES = YES;
				CLANG_WARN_SUSPICIOUS_MOVE = YES;
				CLANG_WARN_UNGUARDED_AVAILABILITY = YES_AGGRESSIVE;
				CLANG_WARN_UNREACHABLE_CODE = YES;
				CLANG_WARN__DUPLICATE_METHOD_MATCH = YES;
				COPY_PHASE_STRIP = NO;
				DEBUG_INFORMATION_FORMAT = dwarf;
				ENABLE_STRICT_OBJC_MSGSEND = YES;
				ENABLE_TESTABILITY = YES;
				GCC_C_LANGUAGE_STANDARD = gnu11;
				GCC_DYNAMIC_NO_PIC = NO;
				GCC_NO_COMMON_BLOCKS = YES;
				GCC_OPTIMIZATION_LEVEL = 0;
				GCC_PREPROCESSOR_DEFINITIONS = (
					"DEBUG=1",
					"$(inherited)",
				);
				GCC_WARN_64_TO_32_BIT_CONVERSION = YES;
				GCC_WARN_ABOUT_RETURN_TYPE = YES_ERROR;
				GCC_WARN_UNDECLARED_SELECTOR = YES;
				GCC_WARN_UNINITIALIZED_AUTOS = YES_AGGRESSIVE;
				GCC_WARN_UNUSED_FUNCTION = YES;
				GCC_WARN_UNUSED_VARIABLE = YES;
				IPHONEOS_DEPLOYMENT_TARGET = 16.2;
				MTL_ENABLE_DEBUG_INFO = INCLUDE_SOURCE;
				MTL_FAST_MATH = YES;
				ONLY_ACTIVE_ARCH = YES;
				SDKROOT = iphoneos;
				SWIFT_ACTIVE_COMPILATION_CONDITIONS = DEBUG;
				SWIFT_OPTIMIZATION_LEVEL = "-Onone";
			};
			name = Debug;
		};
		D57333BB2A57A729004FB8DA /* Release */ = {
			isa = XCBuildConfiguration;
			buildSettings = {
				ALWAYS_SEARCH_USER_PATHS = NO;
				CLANG_ANALYZER_LOCALIZABILITY_NONLOCALIZED = YES;
				CLANG_ANALYZER_NONNULL = YES;
				CLANG_ANALYZER_NUMBER_OBJECT_CONVERSION = YES_AGGRESSIVE;
				CLANG_CXX_LANGUAGE_STANDARD = "gnu++20";
				CLANG_ENABLE_MODULES = YES;
				CLANG_ENABLE_OBJC_ARC = YES;
				CLANG_ENABLE_OBJC_WEAK = YES;
				CLANG_WARN_BLOCK_CAPTURE_AUTORELEASING = YES;
				CLANG_WARN_BOOL_CONVERSION = YES;
				CLANG_WARN_COMMA = YES;
				CLANG_WARN_CONSTANT_CONVERSION = YES;
				CLANG_WARN_DEPRECATED_OBJC_IMPLEMENTATIONS = YES;
				CLANG_WARN_DIRECT_OBJC_ISA_USAGE = YES_ERROR;
				CLANG_WARN_DOCUMENTATION_COMMENTS = YES;
				CLANG_WARN_EMPTY_BODY = YES;
				CLANG_WARN_ENUM_CONVERSION = YES;
				CLANG_WARN_INFINITE_RECURSION = YES;
				CLANG_WARN_INT_CONVERSION = YES;
				CLANG_WARN_NON_LITERAL_NULL_CONVERSION = YES;
				CLANG_WARN_OBJC_IMPLICIT_RETAIN_SELF = YES;
				CLANG_WARN_OBJC_LITERAL_CONVERSION = YES;
				CLANG_WARN_OBJC_ROOT_CLASS = YES_ERROR;
				CLANG_WARN_QUOTED_INCLUDE_IN_FRAMEWORK_HEADER = YES;
				CLANG_WARN_RANGE_LOOP_ANALYSIS = YES;
				CLANG_WARN_STRICT_PROTOTYPES = YES;
				CLANG_WARN_SUSPICIOUS_MOVE = YES;
				CLANG_WARN_UNGUARDED_AVAILABILITY = YES_AGGRESSIVE;
				CLANG_WARN_UNREACHABLE_CODE = YES;
				CLANG_WARN__DUPLICATE_METHOD_MATCH = YES;
				COPY_PHASE_STRIP = NO;
				DEBUG_INFORMATION_FORMAT = "dwarf-with-dsym";
				ENABLE_NS_ASSERTIONS = NO;
				ENABLE_STRICT_OBJC_MSGSEND = YES;
				GCC_C_LANGUAGE_STANDARD = gnu11;
				GCC_NO_COMMON_BLOCKS = YES;
				GCC_WARN_64_TO_32_BIT_CONVERSION = YES;
				GCC_WARN_ABOUT_RETURN_TYPE = YES_ERROR;
				GCC_WARN_UNDECLARED_SELECTOR = YES;
				GCC_WARN_UNINITIALIZED_AUTOS = YES_AGGRESSIVE;
				GCC_WARN_UNUSED_FUNCTION = YES;
				GCC_WARN_UNUSED_VARIABLE = YES;
				IPHONEOS_DEPLOYMENT_TARGET = 16.2;
				MTL_ENABLE_DEBUG_INFO = NO;
				MTL_FAST_MATH = YES;
				SDKROOT = iphoneos;
				SWIFT_COMPILATION_MODE = wholemodule;
				SWIFT_OPTIMIZATION_LEVEL = "-O";
				VALIDATE_PRODUCT = YES;
			};
			name = Release;
		};
		D57333BD2A57A729004FB8DA /* Debug */ = {
			isa = XCBuildConfiguration;
			buildSettings = {
				ASSETCATALOG_COMPILER_APPICON_NAME = AppIcon;
				ASSETCATALOG_COMPILER_GLOBAL_ACCENT_COLOR_NAME = AccentColor;
				CODE_SIGN_STYLE = Automatic;
				CURRENT_PROJECT_VERSION = 1;
				DEVELOPMENT_ASSET_PATHS = "\"SwiftUITest/Preview Content\"";
				ENABLE_PREVIEWS = YES;
				GENERATE_INFOPLIST_FILE = YES;
				INFOPLIST_FILE = SwiftUITest/Info.plist;
				INFOPLIST_KEY_CFBundleDisplayName = Pokedex;
				INFOPLIST_KEY_UIApplicationSceneManifest_Generation = YES;
				INFOPLIST_KEY_UIApplicationSupportsIndirectInputEvents = YES;
				INFOPLIST_KEY_UILaunchScreen_Generation = YES;
				INFOPLIST_KEY_UISupportedInterfaceOrientations_iPad = "UIInterfaceOrientationPortrait UIInterfaceOrientationPortraitUpsideDown UIInterfaceOrientationLandscapeLeft UIInterfaceOrientationLandscapeRight";
				INFOPLIST_KEY_UISupportedInterfaceOrientations_iPhone = "UIInterfaceOrientationPortrait UIInterfaceOrientationLandscapeLeft UIInterfaceOrientationLandscapeRight";
				LD_RUNPATH_SEARCH_PATHS = (
					"$(inherited)",
					"@executable_path/Frameworks",
				);
				MARKETING_VERSION = 1.0;
				PRODUCT_BUNDLE_IDENTIFIER = com.shericksam.SwiftUITest;
				PRODUCT_NAME = "$(TARGET_NAME)";
				SWIFT_EMIT_LOC_STRINGS = YES;
				SWIFT_VERSION = 5.0;
				TARGETED_DEVICE_FAMILY = "1,2";
			};
			name = Debug;
		};
		D57333BE2A57A729004FB8DA /* Release */ = {
			isa = XCBuildConfiguration;
			buildSettings = {
				ASSETCATALOG_COMPILER_APPICON_NAME = AppIcon;
				ASSETCATALOG_COMPILER_GLOBAL_ACCENT_COLOR_NAME = AccentColor;
				CODE_SIGN_STYLE = Automatic;
				CURRENT_PROJECT_VERSION = 1;
				DEVELOPMENT_ASSET_PATHS = "\"SwiftUITest/Preview Content\"";
				ENABLE_PREVIEWS = YES;
				GENERATE_INFOPLIST_FILE = YES;
				INFOPLIST_FILE = SwiftUITest/Info.plist;
				INFOPLIST_KEY_CFBundleDisplayName = Pokedex;
				INFOPLIST_KEY_UIApplicationSceneManifest_Generation = YES;
				INFOPLIST_KEY_UIApplicationSupportsIndirectInputEvents = YES;
				INFOPLIST_KEY_UILaunchScreen_Generation = YES;
				INFOPLIST_KEY_UISupportedInterfaceOrientations_iPad = "UIInterfaceOrientationPortrait UIInterfaceOrientationPortraitUpsideDown UIInterfaceOrientationLandscapeLeft UIInterfaceOrientationLandscapeRight";
				INFOPLIST_KEY_UISupportedInterfaceOrientations_iPhone = "UIInterfaceOrientationPortrait UIInterfaceOrientationLandscapeLeft UIInterfaceOrientationLandscapeRight";
				LD_RUNPATH_SEARCH_PATHS = (
					"$(inherited)",
					"@executable_path/Frameworks",
				);
				MARKETING_VERSION = 1.0;
				PRODUCT_BUNDLE_IDENTIFIER = com.shericksam.SwiftUITest;
				PRODUCT_NAME = "$(TARGET_NAME)";
				SWIFT_EMIT_LOC_STRINGS = YES;
				SWIFT_VERSION = 5.0;
				TARGETED_DEVICE_FAMILY = "1,2";
			};
			name = Release;
		};
		D57333C02A57A729004FB8DA /* Debug */ = {
			isa = XCBuildConfiguration;
			buildSettings = {
				ALWAYS_EMBED_SWIFT_STANDARD_LIBRARIES = YES;
				BUNDLE_LOADER = "$(TEST_HOST)";
				CODE_SIGN_STYLE = Automatic;
				CURRENT_PROJECT_VERSION = 1;
				GENERATE_INFOPLIST_FILE = YES;
				IPHONEOS_DEPLOYMENT_TARGET = 16.2;
				MARKETING_VERSION = 1.0;
				PRODUCT_BUNDLE_IDENTIFIER = com.shericksam.SwiftUITestTests;
				PRODUCT_NAME = "$(TARGET_NAME)";
				SWIFT_EMIT_LOC_STRINGS = NO;
				SWIFT_VERSION = 5.0;
				TARGETED_DEVICE_FAMILY = "1,2";
				TEST_HOST = "$(BUILT_PRODUCTS_DIR)/SwiftUITest.app/$(BUNDLE_EXECUTABLE_FOLDER_PATH)/SwiftUITest";
			};
			name = Debug;
		};
		D57333C12A57A729004FB8DA /* Release */ = {
			isa = XCBuildConfiguration;
			buildSettings = {
				ALWAYS_EMBED_SWIFT_STANDARD_LIBRARIES = YES;
				BUNDLE_LOADER = "$(TEST_HOST)";
				CODE_SIGN_STYLE = Automatic;
				CURRENT_PROJECT_VERSION = 1;
				GENERATE_INFOPLIST_FILE = YES;
				IPHONEOS_DEPLOYMENT_TARGET = 16.2;
				MARKETING_VERSION = 1.0;
				PRODUCT_BUNDLE_IDENTIFIER = com.shericksam.SwiftUITestTests;
				PRODUCT_NAME = "$(TARGET_NAME)";
				SWIFT_EMIT_LOC_STRINGS = NO;
				SWIFT_VERSION = 5.0;
				TARGETED_DEVICE_FAMILY = "1,2";
				TEST_HOST = "$(BUILT_PRODUCTS_DIR)/SwiftUITest.app/$(BUNDLE_EXECUTABLE_FOLDER_PATH)/SwiftUITest";
			};
			name = Release;
		};
		D57333C32A57A729004FB8DA /* Debug */ = {
			isa = XCBuildConfiguration;
			buildSettings = {
				ALWAYS_EMBED_SWIFT_STANDARD_LIBRARIES = YES;
				CODE_SIGN_STYLE = Automatic;
				CURRENT_PROJECT_VERSION = 1;
				GENERATE_INFOPLIST_FILE = YES;
				MARKETING_VERSION = 1.0;
				PRODUCT_BUNDLE_IDENTIFIER = com.shericksam.SwiftUITestUITests;
				PRODUCT_NAME = "$(TARGET_NAME)";
				SWIFT_EMIT_LOC_STRINGS = NO;
				SWIFT_VERSION = 5.0;
				TARGETED_DEVICE_FAMILY = "1,2";
				TEST_TARGET_NAME = SwiftUITest;
			};
			name = Debug;
		};
		D57333C42A57A729004FB8DA /* Release */ = {
			isa = XCBuildConfiguration;
			buildSettings = {
				ALWAYS_EMBED_SWIFT_STANDARD_LIBRARIES = YES;
				CODE_SIGN_STYLE = Automatic;
				CURRENT_PROJECT_VERSION = 1;
				GENERATE_INFOPLIST_FILE = YES;
				MARKETING_VERSION = 1.0;
				PRODUCT_BUNDLE_IDENTIFIER = com.shericksam.SwiftUITestUITests;
				PRODUCT_NAME = "$(TARGET_NAME)";
				SWIFT_EMIT_LOC_STRINGS = NO;
				SWIFT_VERSION = 5.0;
				TARGETED_DEVICE_FAMILY = "1,2";
				TEST_TARGET_NAME = SwiftUITest;
			};
			name = Release;
		};
/* End XCBuildConfiguration section */

/* Begin XCConfigurationList section */
		D573338E2A57A725004FB8DA /* Build configuration list for PBXProject "SwiftUITest" */ = {
			isa = XCConfigurationList;
			buildConfigurations = (
				D57333BA2A57A729004FB8DA /* Debug */,
				D57333BB2A57A729004FB8DA /* Release */,
			);
			defaultConfigurationIsVisible = 0;
			defaultConfigurationName = Release;
		};
		D57333BC2A57A729004FB8DA /* Build configuration list for PBXNativeTarget "SwiftUITest" */ = {
			isa = XCConfigurationList;
			buildConfigurations = (
				D57333BD2A57A729004FB8DA /* Debug */,
				D57333BE2A57A729004FB8DA /* Release */,
			);
			defaultConfigurationIsVisible = 0;
			defaultConfigurationName = Release;
		};
		D57333BF2A57A729004FB8DA /* Build configuration list for PBXNativeTarget "SwiftUITestTests" */ = {
			isa = XCConfigurationList;
			buildConfigurations = (
				D57333C02A57A729004FB8DA /* Debug */,
				D57333C12A57A729004FB8DA /* Release */,
			);
			defaultConfigurationIsVisible = 0;
			defaultConfigurationName = Release;
		};
		D57333C22A57A729004FB8DA /* Build configuration list for PBXNativeTarget "SwiftUITestUITests" */ = {
			isa = XCConfigurationList;
			buildConfigurations = (
				D57333C32A57A729004FB8DA /* Debug */,
				D57333C42A57A729004FB8DA /* Release */,
			);
			defaultConfigurationIsVisible = 0;
			defaultConfigurationName = Release;
		};
/* End XCConfigurationList section */

/* Begin XCRemoteSwiftPackageReference section */
		D57333C52A57B8BD004FB8DA /* XCRemoteSwiftPackageReference "apollo-ios" */ = {
			isa = XCRemoteSwiftPackageReference;
			repositoryURL = "https://github.com/apollographql/apollo-ios.git";
			requirement = {
				kind = exactVersion;
				version = 0.51.2;
			};
		};
/* End XCRemoteSwiftPackageReference section */

/* Begin XCSwiftPackageProductDependency section */
		D57333C62A57B8BD004FB8DA /* Apollo */ = {
			isa = XCSwiftPackageProductDependency;
			package = D57333C52A57B8BD004FB8DA /* XCRemoteSwiftPackageReference "apollo-ios" */;
			productName = Apollo;
		};
/* End XCSwiftPackageProductDependency section */

/* Begin XCVersionGroup section */
		D57333A12A57A728004FB8DA /* SwiftUITest.xcdatamodeld */ = {
			isa = XCVersionGroup;
			children = (
				D57333A22A57A728004FB8DA /* SwiftUITest.xcdatamodel */,
			);
			currentVersion = D57333A22A57A728004FB8DA /* SwiftUITest.xcdatamodel */;
			path = SwiftUITest.xcdatamodeld;
			sourceTree = "<group>";
			versionGroupType = wrapper.xcdatamodel;
		};
/* End XCVersionGroup section */
	};
	rootObject = D573338B2A57A725004FB8DA /* Project object */;
}
